
Microsoft Visual Studio Solution File, Format Version 12.00
# Visual Studio Version 16
VisualStudioVersion = 16.0.31624.102
MinimumVisualStudioVersion = 10.0.40219.1
Project("{FAE04EC0-301F-11D3-BF4B-00C04F79EFBC}") = "AsyncStreams", "AsyncStreams\AsyncStreams.csproj", "{1714C8B2-E8E3-4CA0-8D2E-453D2A500F9D}"
EndProject
Project("{FAE04EC0-301F-11D3-BF4B-00C04F79EFBC}") = "AsyncStreams.Tests", "AsyncStreams.Tests\AsyncStreams.Tests.csproj", "{24CDE8B2-5118-4FC7-9E80-26701B7721BA}"
EndProject
Global
	GlobalSection(SolutionConfigurationPlatforms) = preSolution
		Debug|Any CPU = Debug|Any CPU
		Release|Any CPU = Release|Any CPU
	EndGlobalSection
	GlobalSection(ProjectConfigurationPlatforms) = postSolution
		{1714C8B2-E8E3-4CA0-8D2E-453D2A500F9D}.Debug|Any CPU.ActiveCfg = Debug|Any CPU
		{1714C8B2-E8E3-4CA0-8D2E-453D2A500F9D}.Debug|Any CPU.Build.0 = Debug|Any CPU
		{1714C8B2-E8E3-4CA0-8D2E-453D2A500F9D}.Release|Any CPU.ActiveCfg = Release|Any CPU
		{1714C8B2-E8E3-4CA0-8D2E-453D2A500F9D}.Release|Any CPU.Build.0 = Release|Any CPU
		{24CDE8B2-5118-4FC7-9E80-26701B7721BA}.Debug|Any CPU.ActiveCfg = Debug|Any CPU
		{24CDE8B2-5118-4FC7-9E80-26701B7721BA}.Debug|Any CPU.Build.0 = Debug|Any CPU
		{24CDE8B2-5118-4FC7-9E80-26701B7721BA}.Release|Any CPU.ActiveCfg = Release|Any CPU
		{24CDE8B2-5118-4FC7-9E80-26701B7721BA}.Release|Any CPU.Build.0 = Release|Any CPU
	EndGlobalSection
	GlobalSection(SolutionProperties) = preSolution
		HideSolutionNode = FALSE
	EndGlobalSection
	GlobalSection(ExtensibilityGlobals) = postSolution
		SolutionGuid = {18E191B5-43AB-4D73-958C-3BCB238EA7D4}
	EndGlobalSection
EndGlobal
